{
  "name": "align-ui",
  "version": "1.0.0",
  "lockfileVersion": 3,
  "requires": true,
  "packages": {
    "": {
      "name": "align-ui",
      "version": "1.0.0",
      "workspaces": [
        "figma-plugin",
        "backend",
        "vscode-extension",
        "shared"
      ]
    },
    "backend": {
      "name": "@alignui/backend",
      "version": "1.0.0"
    },
    "figma-plugin": {
      "name": "@alignui/figma-plugin",
      "version": "1.0.0"
    },
    "node_modules/@alignui/backend": {
      "resolved": "backend",
      "link": true
    },
    "node_modules/@alignui/figma-plugin": {
      "resolved": "figma-plugin",
      "link": true
    },
    "node_modules/@alignui/shared": {
      "resolved": "shared",
      "link": true
    },
    "node_modules/@alignui/vscode-extension": {
      "resolved": "vscode-extension",
      "link": true
    },
    "shared": {
      "name": "@alignui/shared",
      "version": "1.0.0"
    },
    "vscode-extension": {
      "name": "@alignui/vscode-extension",
      "version": "1.0.0"
    }
  }
}
